<?xml version="1.0" encoding="utf-8"?>
<Project ToolsVersion="4.0" xmlns="http://schemas.microsoft.com/developer/msbuild/2003">
  <ItemGroup>
    <ClCompile Include="BRSim.cpp">
      <Filter>Source Files</Filter>
    </ClCompile>
    <ClCompile Include="glad.c">
      <Filter>Source Files</Filter>
    </ClCompile>
    <ClCompile Include="AgentManager.cpp">
      <Filter>Source Files</Filter>
    </ClCompile>
    <ClCompile Include="Level.cpp">
      <Filter>Source Files</Filter>
    </ClCompile>
    <ClCompile Include="$(MSBuildThisFileDirectory)..\..\lib\native\src\lodepng.cpp" />
    <ClCompile Include="Game.cpp">
      <Filter>Source Files</Filter>
    </ClCompile>
    <ClCompile Include="AIState.cpp">
      <Filter>Source Files\AI</Filter>
    </ClCompile>
    <ClCompile Include="AIStateWandering.cpp">
      <Filter>Source Files\AI</Filter>
    </ClCompile>
    <ClCompile Include="AIStateFighting.cpp">
      <Filter>Source Files\AI</Filter>
    </ClCompile>
    <ClCompile Include="Mesh.cpp">
      <Filter>Source Files\Graphics</Filter>
    </ClCompile>
    <ClCompile Include="Renderer.cpp">
      <Filter>Source Files\Graphics</Filter>
    </ClCompile>
    <ClCompile Include="Shader.cpp">
      <Filter>Source Files\Graphics</Filter>
    </ClCompile>
    <ClCompile Include="Texture.cpp">
      <Filter>Source Files\Graphics</Filter>
    </ClCompile>
    <ClCompile Include="MeshTools.cpp">
      <Filter>Source Files</Filter>
    </ClCompile>
    <ClCompile Include="AIStateFleeing.cpp">
      <Filter>Source Files\AI</Filter>
    </ClCompile>
    <ClCompile Include="Item.cpp">
      <Filter>Source Files\Items</Filter>
    </ClCompile>
    <ClCompile Include="Healthpack.cpp">
      <Filter>Source Files\Items</Filter>
    </ClCompile>
    <ClCompile Include="BodyArmour.cpp">
      <Filter>Source Files\Items</Filter>
    </ClCompile>
    <ClCompile Include="ItemInstance.cpp">
      <Filter>Source Files\Entities</Filter>
    </ClCompile>
    <ClCompile Include="Agent.cpp">
      <Filter>Source Files\Entities</Filter>
    </ClCompile>
    <ClCompile Include="Bullet.cpp">
      <Filter>Source Files\Entities</Filter>
    </ClCompile>
    <ClCompile Include="Entity.cpp">
      <Filter>Source Files\Entities</Filter>
    </ClCompile>
    <ClCompile Include="Weapon.cpp">
      <Filter>Source Files\Items</Filter>
    </ClCompile>
    <ClCompile Include="EquippedWeapon.cpp">
      <Filter>Source Files</Filter>
    </ClCompile>
  </ItemGroup>
  <ItemGroup>
    <ClInclude Include="AgentManager.h">
      <Filter>Header Files</Filter>
    </ClInclude>
    <ClInclude Include="CStopWatch.h">
      <Filter>Header Files</Filter>
    </ClInclude>
    <ClInclude Include="Level.h">
      <Filter>Header Files</Filter>
    </ClInclude>
    <ClInclude Include="Game.h">
      <Filter>Header Files</Filter>
    </ClInclude>
    <ClInclude Include="AIState.h">
      <Filter>Header Files\AI</Filter>
    </ClInclude>
    <ClInclude Include="AIStateWandering.h">
      <Filter>Header Files\AI</Filter>
    </ClInclude>
    <ClInclude Include="AIStateFighting.h">
      <Filter>Header Files\AI</Filter>
    </ClInclude>
    <ClInclude Include="MeshTools.h">
      <Filter>Header Files</Filter>
    </ClInclude>
    <ClInclude Include="Renderer.h">
      <Filter>Header Files\Graphics</Filter>
    </ClInclude>
    <ClInclude Include="Mesh.h">
      <Filter>Header Files\Graphics</Filter>
    </ClInclude>
    <ClInclude Include="Shader.h">
      <Filter>Header Files\Graphics</Filter>
    </ClInclude>
    <ClInclude Include="Texture.h">
      <Filter>Header Files\Graphics</Filter>
    </ClInclude>
    <ClInclude Include="Vertex.h">
      <Filter>Header Files\Graphics</Filter>
    </ClInclude>
    <ClInclude Include="AIStateFleeing.h">
      <Filter>Header Files\AI</Filter>
    </ClInclude>
    <ClInclude Include="Healthpack.h">
      <Filter>Header Files\Items</Filter>
    </ClInclude>
    <ClInclude Include="BodyArmour.h">
      <Filter>Header Files\Items</Filter>
    </ClInclude>
    <ClInclude Include="Item.h">
      <Filter>Header Files\Items</Filter>
    </ClInclude>
    <ClInclude Include="ItemInstance.h">
      <Filter>Header Files\Entities</Filter>
    </ClInclude>
    <ClInclude Include="Agent.h">
      <Filter>Header Files\Entities</Filter>
    </ClInclude>
    <ClInclude Include="Bullet.h">
      <Filter>Header Files\Entities</Filter>
    </ClInclude>
    <ClInclude Include="Entity.h">
      <Filter>Header Files\Entities</Filter>
    </ClInclude>
    <ClInclude Include="Weapon.h">
      <Filter>Header Files\Items</Filter>
    </ClInclude>
    <ClInclude Include="EquippedWeapon.h">
      <Filter>Header Files</Filter>
    </ClInclude>
  </ItemGroup>
  <ItemGroup>
    <None Include="Data\Shaders\Basic.frag">
      <Filter>Data\Shaders</Filter>
    </None>
    <None Include="Data\Shaders\Basic.vert">
      <Filter>Data\Shaders</Filter>
    </None>
    <None Include="Data\Shaders\TexturedUnlit.frag">
      <Filter>Data\Shaders</Filter>
    </None>
    <None Include="Data\Shaders\TexturedUnlit.vert">
      <Filter>Data\Shaders</Filter>
    </None>
    <None Include="Data\Shaders\Agent.frag">
      <Filter>Data\Shaders</Filter>
    </None>
    <None Include="Data\Shaders\Agent.vert">
      <Filter>Data\Shaders</Filter>
    </None>
    <None Include="packages.config" />
  </ItemGroup>
  <ItemGroup>
    <Filter Include="Header Files">
      <UniqueIdentifier>{9be998ef-cb46-4d7e-9ea9-194663a048a7}</UniqueIdentifier>
    </Filter>
    <Filter Include="Source Files">
      <UniqueIdentifier>{1e5ea0aa-92c5-4eb7-a34b-69036d422059}</UniqueIdentifier>
    </Filter>
    <Filter Include="Header Files\AI">
      <UniqueIdentifier>{083b1159-9674-42fc-a7d7-b90b27638f02}</UniqueIdentifier>
    </Filter>
    <Filter Include="Source Files\AI">
      <UniqueIdentifier>{04e61f71-101f-49aa-a407-110a1a710a2a}</UniqueIdentifier>
    </Filter>
    <Filter Include="Header Files\Graphics">
      <UniqueIdentifier>{5336c7a7-4d57-47e8-a910-8ac140f3c610}</UniqueIdentifier>
    </Filter>
    <Filter Include="Source Files\Graphics">
      <UniqueIdentifier>{20604530-3309-42a7-b546-0553a72ecbbd}</UniqueIdentifier>
    </Filter>
    <Filter Include="Data">
      <UniqueIdentifier>{eac03020-3ba1-46e2-8ede-3df1fe4629b6}</UniqueIdentifier>
    </Filter>
    <Filter Include="Data\Shaders">
      <UniqueIdentifier>{63fb00ec-f70a-40f3-b843-5f80ea03cb0f}</UniqueIdentifier>
    </Filter>
    <Filter Include="Data\Textures">
      <UniqueIdentifier>{4871d4d6-d549-4780-b510-2b7d74c7829f}</UniqueIdentifier>
    </Filter>
    <Filter Include="Source Files\Items">
      <UniqueIdentifier>{f05d2d5a-32c4-4f4e-8ae5-11ecc29f38c8}</UniqueIdentifier>
    </Filter>
    <Filter Include="Header Files\Items">
      <UniqueIdentifier>{08a63c6a-088f-4ec8-a297-efce94b91ee4}</UniqueIdentifier>
    </Filter>
    <Filter Include="Header Files\Entities">
      <UniqueIdentifier>{838e4539-4889-4960-ac00-fe641d5130bb}</UniqueIdentifier>
    </Filter>
    <Filter Include="Source Files\Entities">
      <UniqueIdentifier>{bb3b5273-ce29-4019-8daf-f3315f641339}</UniqueIdentifier>
    </Filter>
  </ItemGroup>
  <ItemGroup>
    <Image Include="Data\Textures\BodyArmour.png">
      <Filter>Data\Textures</Filter>
    </Image>
    <Image Include="Data\Textures\Gun-AssaultRifle.png">
      <Filter>Data\Textures</Filter>
    </Image>
    <Image Include="Data\Textures\Gun-Pistol.png">
      <Filter>Data\Textures</Filter>
    </Image>
    <Image Include="Data\Textures\Gun-SniperRifle.png">
      <Filter>Data\Textures</Filter>
    </Image>
    <Image Include="Data\Textures\Healthpack.png">
      <Filter>Data\Textures</Filter>
    </Image>
  </ItemGroup>
</Project>